
Microsoft Visual Studio Solution File, Format Version 12.00
# Visual Studio Version 17
VisualStudioVersion = 17.6.33829.357
MinimumVisualStudioVersion = 10.0.40219.1
Project("{9A19103F-16F7-4668-BE54-9A1E7A4F7556}") = "MessageProcessing", "MessageProcessing\MessageProcessing.csproj", "{BF963660-74E5-421A-9C92-744C6E17A861}"
EndProject
Project("{FAE04EC0-301F-11D3-BF4B-00C04F79EFBC}") = "TestMessageProcessing", "TestMessageProcessing\TestMessageProcessing.csproj", "{A39595F2-0E65-44EE-B0E1-9D5A246C6340}"
EndProject
Global
	GlobalSection(SolutionConfigurationPlatforms) = preSolution
		Debug|Any CPU = Debug|Any CPU
		Release|Any CPU = Release|Any CPU
	EndGlobalSection
	GlobalSection(ProjectConfigurationPlatforms) = postSolution
		{BF963660-74E5-421A-9C92-744C6E17A861}.Debug|Any CPU.ActiveCfg = Debug|Any CPU
		{BF963660-74E5-421A-9C92-744C6E17A861}.Debug|Any CPU.Build.0 = Debug|Any CPU
		{BF963660-74E5-421A-9C92-744C6E17A861}.Release|Any CPU.ActiveCfg = Release|Any CPU
		{BF963660-74E5-421A-9C92-744C6E17A861}.Release|Any CPU.Build.0 = Release|Any CPU
		{A39595F2-0E65-44EE-B0E1-9D5A246C6340}.Debug|Any CPU.ActiveCfg = Debug|Any CPU
		{A39595F2-0E65-44EE-B0E1-9D5A246C6340}.Debug|Any CPU.Build.0 = Debug|Any CPU
		{A39595F2-0E65-44EE-B0E1-9D5A246C6340}.Release|Any CPU.ActiveCfg = Release|Any CPU
		{A39595F2-0E65-44EE-B0E1-9D5A246C6340}.Release|Any CPU.Build.0 = Release|Any CPU
	EndGlobalSection
	GlobalSection(SolutionProperties) = preSolution
		HideSolutionNode = FALSE
	EndGlobalSection
	GlobalSection(ExtensibilityGlobals) = postSolution
		SolutionGuid = {CA42EC3F-9AE2-4044-A58F-B6F0DDA23EC0}
	EndGlobalSection
EndGlobal
